
Microsoft Visual Studio Solution File, Format Version 12.00
# Visual Studio Version 16
VisualStudioVersion = 16.0.30320.27
MinimumVisualStudioVersion = 10.0.40219.1
Project("{9A19103F-16F7-4668-BE54-9A1E7A4F7556}") = "obligatorioCodFuente", "obligatorioCodFuente.csproj", "{31E7F96A-9AE5-44FA-916F-BB6A3E309E45}"
EndProject
Project("{FAE04EC0-301F-11D3-BF4B-00C04F79EFBC}") = "Clases", "..\Clases\Clases.csproj", "{ECF3A831-9B8D-4E45-ABB6-58D5F19F7290}"
EndProject
Global
	GlobalSection(SolutionConfigurationPlatforms) = preSolution
		Debug|Any CPU = Debug|Any CPU
		Release|Any CPU = Release|Any CPU
	EndGlobalSection
	GlobalSection(ProjectConfigurationPlatforms) = postSolution
		{31E7F96A-9AE5-44FA-916F-BB6A3E309E45}.Debug|Any CPU.ActiveCfg = Debug|Any CPU
		{31E7F96A-9AE5-44FA-916F-BB6A3E309E45}.Debug|Any CPU.Build.0 = Debug|Any CPU
		{31E7F96A-9AE5-44FA-916F-BB6A3E309E45}.Release|Any CPU.ActiveCfg = Release|Any CPU
		{31E7F96A-9AE5-44FA-916F-BB6A3E309E45}.Release|Any CPU.Build.0 = Release|Any CPU
		{ECF3A831-9B8D-4E45-ABB6-58D5F19F7290}.Debug|Any CPU.ActiveCfg = Debug|Any CPU
		{ECF3A831-9B8D-4E45-ABB6-58D5F19F7290}.Debug|Any CPU.Build.0 = Debug|Any CPU
		{ECF3A831-9B8D-4E45-ABB6-58D5F19F7290}.Release|Any CPU.ActiveCfg = Release|Any CPU
		{ECF3A831-9B8D-4E45-ABB6-58D5F19F7290}.Release|Any CPU.Build.0 = Release|Any CPU
	EndGlobalSection
	GlobalSection(SolutionProperties) = preSolution
		HideSolutionNode = FALSE
	EndGlobalSection
	GlobalSection(ExtensibilityGlobals) = postSolution
		SolutionGuid = {75A0C5AC-D6B6-4050-9074-85850D2751B2}
	EndGlobalSection
EndGlobal
